
Microsoft Visual Studio Solution File, Format Version 12.00
# Visual Studio Version 16
VisualStudioVersion = 16.0.32106.194
MinimumVisualStudioVersion = 10.0.40219.1
Project("{9A19103F-16F7-4668-BE54-9A1E7A4F7556}") = "MeterReadAPI", "MeterReadAPI\MeterReadAPI.csproj", "{B1D42912-59D9-43EE-B3AB-1972484BDAA3}"
EndProject
Project("{2150E333-8FDC-42A3-9474-1A3956D46DE8}") = "Solution Items", "Solution Items", "{70C04921-B5E3-4446-A7A1-162DA0556FF2}"
EndProject
Global
	GlobalSection(SolutionConfigurationPlatforms) = preSolution
		Debug|Any CPU = Debug|Any CPU
		Release|Any CPU = Release|Any CPU
	EndGlobalSection
	GlobalSection(ProjectConfigurationPlatforms) = postSolution
		{B1D42912-59D9-43EE-B3AB-1972484BDAA3}.Debug|Any CPU.ActiveCfg = Debug|Any CPU
		{B1D42912-59D9-43EE-B3AB-1972484BDAA3}.Debug|Any CPU.Build.0 = Debug|Any CPU
		{B1D42912-59D9-43EE-B3AB-1972484BDAA3}.Release|Any CPU.ActiveCfg = Release|Any CPU
		{B1D42912-59D9-43EE-B3AB-1972484BDAA3}.Release|Any CPU.Build.0 = Release|Any CPU
	EndGlobalSection
	GlobalSection(SolutionProperties) = preSolution
		HideSolutionNode = FALSE
	EndGlobalSection
	GlobalSection(ExtensibilityGlobals) = postSolution
		SolutionGuid = {00607F35-0E96-469D-A012-C16AE9650F8E}
	EndGlobalSection
EndGlobal
